// !$*UTF8*$!
{
	archiveVersion = 1;
	classes = {
	};
	objectVersion = 46;
	objects = {

/* Begin PBXBuildFile section */
		4FB0D6A01C80BC5D0013CC47 /* AppDelegate.swift in Sources */ = {isa = PBXBuildFile; fileRef = 4FB0D69F1C80BC5D0013CC47 /* AppDelegate.swift */; };
		4FB0D6A21C80BC5D0013CC47 /* ViewController.swift in Sources */ = {isa = PBXBuildFile; fileRef = 4FB0D6A11C80BC5D0013CC47 /* ViewController.swift */; };
		4FB0D6A51C80BC5D0013CC47 /* Main.storyboard in Resources */ = {isa = PBXBuildFile; fileRef = 4FB0D6A31C80BC5D0013CC47 /* Main.storyboard */; };
		4FB0D6A71C80BC5D0013CC47 /* Assets.xcassets in Resources */ = {isa = PBXBuildFile; fileRef = 4FB0D6A61C80BC5D0013CC47 /* Assets.xcassets */; };
		4FB0D6AA1C80BC5D0013CC47 /* LaunchScreen.storyboard in Resources */ = {isa = PBXBuildFile; fileRef = 4FB0D6A81C80BC5D0013CC47 /* LaunchScreen.storyboard */; };
		4FB0D6B51C80BC5D0013CC47 /* BrickbreakerTests.swift in Sources */ = {isa = PBXBuildFile; fileRef = 4FB0D6B41C80BC5D0013CC47 /* BrickbreakerTests.swift */; };
		4FB0D6C01C80BC5D0013CC47 /* BrickbreakerUITests.swift in Sources */ = {isa = PBXBuildFile; fileRef = 4FB0D6BF1C80BC5D0013CC47 /* BrickbreakerUITests.swift */; };
/* End PBXBuildFile section */

/* Begin PBXContainerItemProxy section */
		4FB0D6B11C80BC5D0013CC47 /* PBXContainerItemProxy */ = {
			isa = PBXContainerItemProxy;
			containerPortal = 4FB0D6941C80BC5D0013CC47 /* Project object */;
			proxyType = 1;
			remoteGlobalIDString = 4FB0D69B1C80BC5D0013CC47;
			remoteInfo = Brickbreaker;
		};
		4FB0D6BC1C80BC5D0013CC47 /* PBXContainerItemProxy */ = {
			isa = PBXContainerItemProxy;
			containerPortal = 4FB0D6941C80BC5D0013CC47 /* Project object */;
			proxyType = 1;
			remoteGlobalIDString = 4FB0D69B1C80BC5D0013CC47;
			remoteInfo = Brickbreaker;
		};
/* End PBXContainerItemProxy section */

/* Begin PBXFileReference section */
		4FB0D69C1C80BC5D0013CC47 /* Brickbreaker.app */ = {isa = PBXFileReference; explicitFileType = wrapper.application; includeInIndex = 0; path = Brickbreaker.app; sourceTree = BUILT_PRODUCTS_DIR; };
		4FB0D69F1C80BC5D0013CC47 /* AppDelegate.swift */ = {isa = PBXFileReference; lastKnownFileType = sourcecode.swift; path = AppDelegate.swift; sourceTree = "<group>"; };
		4FB0D6A11C80BC5D0013CC47 /* ViewController.swift */ = {isa = PBXFileReference; lastKnownFileType = sourcecode.swift; path = ViewController.swift; sourceTree = "<group>"; };
		4FB0D6A41C80BC5D0013CC47 /* Base */ = {isa = PBXFileReference; lastKnownFileType = file.storyboard; name = Base; path = Base.lproj/Main.storyboard; sourceTree = "<group>"; };
		4FB0D6A61C80BC5D0013CC47 /* Assets.xcassets */ = {isa = PBXFileReference; lastKnownFileType = folder.assetcatalog; path = Assets.xcassets; sourceTree = "<group>"; };
		4FB0D6A91C80BC5D0013CC47 /* Base */ = {isa = PBXFileReference; lastKnownFileType = file.storyboard; name = Base; path = Base.lproj/LaunchScreen.storyboard; sourceTree = "<group>"; };
		4FB0D6AB1C80BC5D0013CC47 /* Info.plist */ = {isa = PBXFileReference; lastKnownFileType = text.plist.xml; path = Info.plist; sourceTree = "<group>"; };
		4FB0D6B01C80BC5D0013CC47 /* BrickbreakerTests.xctest */ = {isa = PBXFileReference; explicitFileType = wrapper.cfbundle; includeInIndex = 0; path = BrickbreakerTests.xctest; sourceTree = BUILT_PRODUCTS_DIR; };
		4FB0D6B41C80BC5D0013CC47 /* BrickbreakerTests.swift */ = {isa = PBXFileReference; lastKnownFileType = sourcecode.swift; path = BrickbreakerTests.swift; sourceTree = "<group>"; };
		4FB0D6B61C80BC5D0013CC47 /* Info.plist */ = {isa = PBXFileReference; lastKnownFileType = text.plist.xml; path = Info.plist; sourceTree = "<group>"; };
		4FB0D6BB1C80BC5D0013CC47 /* BrickbreakerUITests.xctest */ = {isa = PBXFileReference; explicitFileType = wrapper.cfbundle; includeInIndex = 0; path = BrickbreakerUITests.xctest; sourceTree = BUILT_PRODUCTS_DIR; };
		4FB0D6BF1C80BC5D0013CC47 /* BrickbreakerUITests.swift */ = {isa = PBXFileReference; lastKnownFileType = sourcecode.swift; path = BrickbreakerUITests.swift; sourceTree = "<group>"; };
		4FB0D6C11C80BC5D0013CC47 /* Info.plist */ = {isa = PBXFileReference; lastKnownFileType = text.plist.xml; path = Info.plist; sourceTree = "<group>"; };
/* End PBXFileReference section */

/* Begin PBXFrameworksBuildPhase section */
		4FB0D6991C80BC5D0013CC47 /* Frameworks */ = {
			isa = PBXFrameworksBuildPhase;
			buildActionMask = 2147483647;
			files = (
			);
			runOnlyForDeploymentPostprocessing = 0;
		};
		4FB0D6AD1C80BC5D0013CC47 /* Frameworks */ = {
			isa = PBXFrameworksBuildPhase;
			buildActionMask = 2147483647;
			files = (
			);
			runOnlyForDeploymentPostprocessing = 0;
		};
		4FB0D6B81C80BC5D0013CC47 /* Frameworks */ = {
			isa = PBXFrameworksBuildPhase;
			buildActionMask = 2147483647;
			files = (
			);
			runOnlyForDeploymentPostprocessing = 0;
		};
/* End PBXFrameworksBuildPhase section */

/* Begin PBXGroup section */
		4FB0D6931C80BC5D0013CC47 = {
			isa = PBXGroup;
			children = (
				4FB0D69E1C80BC5D0013CC47 /* Brickbreaker */,
				4FB0D6B31C80BC5D0013CC47 /* BrickbreakerTests */,
				4FB0D6BE1C80BC5D0013CC47 /* BrickbreakerUITests */,
				4FB0D69D1C80BC5D0013CC47 /* Products */,
			);
			sourceTree = "<group>";
		};
		4FB0D69D1C80BC5D0013CC47 /* Products */ = {
			isa = PBXGroup;
			children = (
				4FB0D69C1C80BC5D0013CC47 /* Brickbreaker.app */,
				4FB0D6B01C80BC5D0013CC47 /* BrickbreakerTests.xctest */,
				4FB0D6BB1C80BC5D0013CC47 /* BrickbreakerUITests.xctest */,
			);
			name = Products;
			sourceTree = "<group>";
		};
		4FB0D69E1C80BC5D0013CC47 /* Brickbreaker */ = {
			isa = PBXGroup;
			children = (
				4FB0D69F1C80BC5D0013CC47 /* AppDelegate.swift */,
				4FB0D6A11C80BC5D0013CC47 /* ViewController.swift */,
				4FB0D6A31C80BC5D0013CC47 /* Main.storyboard */,
				4FB0D6A61C80BC5D0013CC47 /* Assets.xcassets */,
				4FB0D6A81C80BC5D0013CC47 /* LaunchScreen.storyboard */,
				4FB0D6AB1C80BC5D0013CC47 /* Info.plist */,
			);
			path = Brickbreaker;
			sourceTree = "<group>";
		};
		4FB0D6B31C80BC5D0013CC47 /* BrickbreakerTests */ = {
			isa = PBXGroup;
			children = (
				4FB0D6B41C80BC5D0013CC47 /* BrickbreakerTests.swift */,
				4FB0D6B61C80BC5D0013CC47 /* Info.plist */,
			);
			path = BrickbreakerTests;
			sourceTree = "<group>";
		};
		4FB0D6BE1C80BC5D0013CC47 /* BrickbreakerUITests */ = {
			isa = PBXGroup;
			children = (
				4FB0D6BF1C80BC5D0013CC47 /* BrickbreakerUITests.swift */,
				4FB0D6C11C80BC5D0013CC47 /* Info.plist */,
			);
			path = BrickbreakerUITests;
			sourceTree = "<group>";
		};
/* End PBXGroup section */

/* Begin PBXNativeTarget section */
		4FB0D69B1C80BC5D0013CC47 /* Brickbreaker */ = {
			isa = PBXNativeTarget;
			buildConfigurationList = 4FB0D6C41C80BC5D0013CC47 /* Build configuration list for PBXNativeTarget "Brickbreaker" */;
			buildPhases = (
				4FB0D6981C80BC5D0013CC47 /* Sources */,
				4FB0D6991C80BC5D0013CC47 /* Frameworks */,
				4FB0D69A1C80BC5D0013CC47 /* Resources */,
			);
			buildRules = (
			);
			dependencies = (
			);
			name = Brickbreaker;
			productName = Brickbreaker;
			productReference = 4FB0D69C1C80BC5D0013CC47 /* Brickbreaker.app */;
			productType = "com.apple.product-type.application";
		};
		4FB0D6AF1C80BC5D0013CC47 /* BrickbreakerTests */ = {
			isa = PBXNativeTarget;
			buildConfigurationList = 4FB0D6C71C80BC5D0013CC47 /* Build configuration list for PBXNativeTarget "BrickbreakerTests" */;
			buildPhases = (
				4FB0D6AC1C80BC5D0013CC47 /* Sources */,
				4FB0D6AD1C80BC5D0013CC47 /* Frameworks */,
				4FB0D6AE1C80BC5D0013CC47 /* Resources */,
			);
			buildRules = (
			);
			dependencies = (
				4FB0D6B21C80BC5D0013CC47 /* PBXTargetDependency */,
			);
			name = BrickbreakerTests;
			productName = BrickbreakerTests;
			productReference = 4FB0D6B01C80BC5D0013CC47 /* BrickbreakerTests.xctest */;
			productType = "com.apple.product-type.bundle.unit-test";
		};
		4FB0D6BA1C80BC5D0013CC47 /* BrickbreakerUITests */ = {
			isa = PBXNativeTarget;
			buildConfigurationList = 4FB0D6CA1C80BC5D0013CC47 /* Build configuration list for PBXNativeTarget "BrickbreakerUITests" */;
			buildPhases = (
				4FB0D6B71C80BC5D0013CC47 /* Sources */,
				4FB0D6B81C80BC5D0013CC47 /* Frameworks */,
				4FB0D6B91C80BC5D0013CC47 /* Resources */,
			);
			buildRules = (
			);
			dependencies = (
				4FB0D6BD1C80BC5D0013CC47 /* PBXTargetDependency */,
			);
			name = BrickbreakerUITests;
			productName = BrickbreakerUITests;
			productReference = 4FB0D6BB1C80BC5D0013CC47 /* BrickbreakerUITests.xctest */;
			productType = "com.apple.product-type.bundle.ui-testing";
		};
/* End PBXNativeTarget section */

/* Begin PBXProject section */
		4FB0D6941C80BC5D0013CC47 /* Project object */ = {
			isa = PBXProject;
			attributes = {
				LastSwiftUpdateCheck = 0710;
				LastUpgradeCheck = 0710;
				ORGANIZATIONNAME = "Noah Guy";
				TargetAttributes = {
					4FB0D69B1C80BC5D0013CC47 = {
						CreatedOnToolsVersion = 7.1;
					};
					4FB0D6AF1C80BC5D0013CC47 = {
						CreatedOnToolsVersion = 7.1;
						TestTargetID = 4FB0D69B1C80BC5D0013CC47;
					};
					4FB0D6BA1C80BC5D0013CC47 = {
						CreatedOnToolsVersion = 7.1;
						TestTargetID = 4FB0D69B1C80BC5D0013CC47;
					};
				};
			};
			buildConfigurationList = 4FB0D6971C80BC5D0013CC47 /* Build configuration list for PBXProject "Brickbreaker" */;
			compatibilityVersion = "Xcode 3.2";
			developmentRegion = English;
			hasScannedForEncodings = 0;
			knownRegions = (
				en,
				Base,
			);
			mainGroup = 4FB0D6931C80BC5D0013CC47;
			productRefGroup = 4FB0D69D1C80BC5D0013CC47 /* Products */;
			projectDirPath = "";
			projectRoot = "";
			targets = (
				4FB0D69B1C80BC5D0013CC47 /* Brickbreaker */,
				4FB0D6AF1C80BC5D0013CC47 /* BrickbreakerTests */,
				4FB0D6BA1C80BC5D0013CC47 /* BrickbreakerUITests */,
			);
		};
/* End PBXProject section */

/* Begin PBXResourcesBuildPhase section */
		4FB0D69A1C80BC5D0013CC47 /* Resources */ = {
			isa = PBXResourcesBuildPhase;
			buildActionMask = 2147483647;
			files = (
				4FB0D6AA1C80BC5D0013CC47 /* LaunchScreen.storyboard in Resources */,
				4FB0D6A71C80BC5D0013CC47 /* Assets.xcassets in Resources */,
				4FB0D6A51C80BC5D0013CC47 /* Main.storyboard in Resources */,
			);
			runOnlyForDeploymentPostprocessing = 0;
		};
		4FB0D6AE1C80BC5D0013CC47 /* Resources */ = {
			isa = PBXResourcesBuildPhase;
			buildActionMask = 2147483647;
			files = (
			);
			runOnlyForDeploymentPostprocessing = 0;
		};
		4FB0D6B91C80BC5D0013CC47 /* Resources */ = {
			isa = PBXResourcesBuildPhase;
			buildActionMask = 2147483647;
			files = (
			);
			runOnlyForDeploymentPostprocessing = 0;
		};
/* End PBXResourcesBuildPhase section */

/* Begin PBXSourcesBuildPhase section */
		4FB0D6981C80BC5D0013CC47 /* Sources */ = {
			isa = PBXSourcesBuildPhase;
			buildActionMask = 2147483647;
			files = (
				4FB0D6A21C80BC5D0013CC47 /* ViewController.swift in Sources */,
				4FB0D6A01C80BC5D0013CC47 /* AppDelegate.swift in Sources */,
			);
			runOnlyForDeploymentPostprocessing = 0;
		};
		4FB0D6AC1C80BC5D0013CC47 /* Sources */ = {
			isa = PBXSourcesBuildPhase;
			buildActionMask = 2147483647;
			files = (
				4FB0D6B51C80BC5D0013CC47 /* BrickbreakerTests.swift in Sources */,
			);
			runOnlyForDeploymentPostprocessing = 0;
		};
		4FB0D6B71C80BC5D0013CC47 /* Sources */ = {
			isa = PBXSourcesBuildPhase;
			buildActionMask = 2147483647;
			files = (
				4FB0D6C01C80BC5D0013CC47 /* BrickbreakerUITests.swift in Sources */,
			);
			runOnlyForDeploymentPostprocessing = 0;
		};
/* End PBXSourcesBuildPhase section */

/* Begin PBXTargetDependency section */
		4FB0D6B21C80BC5D0013CC47 /* PBXTargetDependency */ = {
			isa = PBXTargetDependency;
			target = 4FB0D69B1C80BC5D0013CC47 /* Brickbreaker */;
			targetProxy = 4FB0D6B11C80BC5D0013CC47 /* PBXContainerItemProxy */;
		};
		4FB0D6BD1C80BC5D0013CC47 /* PBXTargetDependency */ = {
			isa = PBXTargetDependency;
			target = 4FB0D69B1C80BC5D0013CC47 /* Brickbreaker */;
			targetProxy = 4FB0D6BC1C80BC5D0013CC47 /* PBXContainerItemProxy */;
		};
/* End PBXTargetDependency section */

/* Begin PBXVariantGroup section */
		4FB0D6A31C80BC5D0013CC47 /* Main.storyboard */ = {
			isa = PBXVariantGroup;
			children = (
				4FB0D6A41C80BC5D0013CC47 /* Base */,
			);
			name = Main.storyboard;
			sourceTree = "<group>";
		};
		4FB0D6A81C80BC5D0013CC47 /* LaunchScreen.storyboard */ = {
			isa = PBXVariantGroup;
			children = (
				4FB0D6A91C80BC5D0013CC47 /* Base */,
			);
			name = LaunchScreen.storyboard;
			sourceTree = "<group>";
		};
/* End PBXVariantGroup section */

/* Begin XCBuildConfiguration section */
		4FB0D6C21C80BC5D0013CC47 /* Debug */ = {
			isa = XCBuildConfiguration;
			buildSettings = {
				ALWAYS_SEARCH_USER_PATHS = NO;
				CLANG_CXX_LANGUAGE_STANDARD = "gnu++0x";
				CLANG_CXX_LIBRARY = "libc++";
				CLANG_ENABLE_MODULES = YES;
				CLANG_ENABLE_OBJC_ARC = YES;
				CLANG_WARN_BOOL_CONVERSION = YES;
				CLANG_WARN_CONSTANT_CONVERSION = YES;
				CLANG_WARN_DIRECT_OBJC_ISA_USAGE = YES_ERROR;
				CLANG_WARN_EMPTY_BODY = YES;
				CLANG_WARN_ENUM_CONVERSION = YES;
				CLANG_WARN_INT_CONVERSION = YES;
				CLANG_WARN_OBJC_ROOT_CLASS = YES_ERROR;
				CLANG_WARN_UNREACHABLE_CODE = YES;
				CLANG_WARN__DUPLICATE_METHOD_MATCH = YES;
				"CODE_SIGN_IDENTITY[sdk=iphoneos*]" = "iPhone Developer";
				COPY_PHASE_STRIP = NO;
				DEBUG_INFORMATION_FORMAT = dwarf;
				ENABLE_STRICT_OBJC_MSGSEND = YES;
				ENABLE_TESTABILITY = YES;
				GCC_C_LANGUAGE_STANDARD = gnu99;
				GCC_DYNAMIC_NO_PIC = NO;
				GCC_NO_COMMON_BLOCKS = YES;
				GCC_OPTIMIZATION_LEVEL = 0;
				GCC_PREPROCESSOR_DEFINITIONS = (
					"DEBUG=1",
					"$(inherited)",
				);
				GCC_WARN_64_TO_32_BIT_CONVERSION = YES;
				GCC_WARN_ABOUT_RETURN_TYPE = YES_ERROR;
				GCC_WARN_UNDECLARED_SELECTOR = YES;
				GCC_WARN_UNINITIALIZED_AUTOS = YES_AGGRESSIVE;
				GCC_WARN_UNUSED_FUNCTION = YES;
				GCC_WARN_UNUSED_VARIABLE = YES;
				IPHONEOS_DEPLOYMENT_TARGET = 9.1;
				MTL_ENABLE_DEBUG_INFO = YES;
				ONLY_ACTIVE_ARCH = YES;
				SDKROOT = iphoneos;
				SWIFT_OPTIMIZATION_LEVEL = "-Onone";
				TARGETED_DEVICE_FAMILY = "1,2";
			};
			name = Debug;
		};
		4FB0D6C31C80BC5D0013CC47 /* Release */ = {
			isa = XCBuildConfiguration;
			buildSettings = {
				ALWAYS_SEARCH_USER_PATHS = NO;
				CLANG_CXX_LANGUAGE_STANDARD = "gnu++0x";
				CLANG_CXX_LIBRARY = "libc++";
				CLANG_ENABLE_MODULES = YES;
				CLANG_ENABLE_OBJC_ARC = YES;
				CLANG_WARN_BOOL_CONVERSION = YES;
				CLANG_WARN_CONSTANT_CONVERSION = YES;
				CLANG_WARN_DIRECT_OBJC_ISA_USAGE = YES_ERROR;
				CLANG_WARN_EMPTY_BODY = YES;
				CLANG_WARN_ENUM_CONVERSION = YES;
				CLANG_WARN_INT_CONVERSION = YES;
				CLANG_WARN_OBJC_ROOT_CLASS = YES_ERROR;
				CLANG_WARN_UNREACHABLE_CODE = YES;
				CLANG_WARN__DUPLICATE_METHOD_MATCH = YES;
				"CODE_SIGN_IDENTITY[sdk=iphoneos*]" = "iPhone Developer";
				COPY_PHASE_STRIP = NO;
				DEBUG_INFORMATION_FORMAT = "dwarf-with-dsym";
				ENABLE_NS_ASSERTIONS = NO;
				ENABLE_STRICT_OBJC_MSGSEND = YES;
				GCC_C_LANGUAGE_STANDARD = gnu99;
				GCC_NO_COMMON_BLOCKS = YES;
				GCC_WARN_64_TO_32_BIT_CONVERSION = YES;
				GCC_WARN_ABOUT_RETURN_TYPE = YES_ERROR;
				GCC_WARN_UNDECLARED_SELECTOR = YES;
				GCC_WARN_UNINITIALIZED_AUTOS = YES_AGGRESSIVE;
				GCC_WARN_UNUSED_FUNCTION = YES;
				GCC_WARN_UNUSED_VARIABLE = YES;
				IPHONEOS_DEPLOYMENT_TARGET = 9.1;
				MTL_ENABLE_DEBUG_INFO = NO;
				SDKROOT = iphoneos;
				TARGETED_DEVICE_FAMILY = "1,2";
				VALIDATE_PRODUCT = YES;
			};
			name = Release;
		};
		4FB0D6C51C80BC5D0013CC47 /* Debug */ = {
			isa = XCBuildConfiguration;
			buildSettings = {
				ASSETCATALOG_COMPILER_APPICON_NAME = AppIcon;
				INFOPLIST_FILE = Brickbreaker/Info.plist;
				LD_RUNPATH_SEARCH_PATHS = "$(inherited) @executable_path/Frameworks";
				PRODUCT_BUNDLE_IDENTIFIER = "Wololo-Productions.Brickbreaker";
				PRODUCT_NAME = "$(TARGET_NAME)";
			};
			name = Debug;
		};
		4FB0D6C61C80BC5D0013CC47 /* Release */ = {
			isa = XCBuildConfiguration;
			buildSettings = {
				ASSETCATALOG_COMPILER_APPICON_NAME = AppIcon;
				INFOPLIST_FILE = Brickbreaker/Info.plist;
				LD_RUNPATH_SEARCH_PATHS = "$(inherited) @executable_path/Frameworks";
				PRODUCT_BUNDLE_IDENTIFIER = "Wololo-Productions.Brickbreaker";
				PRODUCT_NAME = "$(TARGET_NAME)";
			};
			name = Release;
		};
		4FB0D6C81C80BC5D0013CC47 /* Debug */ = {
			isa = XCBuildConfiguration;
			buildSettings = {
				BUNDLE_LOADER = "$(TEST_HOST)";
				INFOPLIST_FILE = BrickbreakerTests/Info.plist;
				LD_RUNPATH_SEARCH_PATHS = "$(inherited) @executable_path/Frameworks @loader_path/Frameworks";
				PRODUCT_BUNDLE_IDENTIFIER = "Wololo-Productions.BrickbreakerTests";
				PRODUCT_NAME = "$(TARGET_NAME)";
				TEST_HOST = "$(BUILT_PRODUCTS_DIR)/Brickbreaker.app/Brickbreaker";
			};
			name = Debug;
		};
		4FB0D6C91C80BC5D0013CC47 /* Release */ = {
			isa = XCBuildConfiguration;
			buildSettings = {
				BUNDLE_LOADER = "$(TEST_HOST)";
				INFOPLIST_FILE = BrickbreakerTests/Info.plist;
				LD_RUNPATH_SEARCH_PATHS = "$(inherited) @executable_path/Frameworks @loader_path/Frameworks";
				PRODUCT_BUNDLE_IDENTIFIER = "Wololo-Productions.BrickbreakerTests";
				PRODUCT_NAME = "$(TARGET_NAME)";
				TEST_HOST = "$(BUILT_PRODUCTS_DIR)/Brickbreaker.app/Brickbreaker";
			};
			name = Release;
		};
		4FB0D6CB1C80BC5D0013CC47 /* Debug */ = {
			isa = XCBuildConfiguration;
			buildSettings = {
				INFOPLIST_FILE = BrickbreakerUITests/Info.plist;
				LD_RUNPATH_SEARCH_PATHS = "$(inherited) @executable_path/Frameworks @loader_path/Frameworks";
				PRODUCT_BUNDLE_IDENTIFIER = "Wololo-Productions.BrickbreakerUITests";
				PRODUCT_NAME = "$(TARGET_NAME)";
				TEST_TARGET_NAME = Brickbreaker;
				USES_XCTRUNNER = YES;
			};
			name = Debug;
		};
		4FB0D6CC1C80BC5D0013CC47 /* Release */ = {
			isa = XCBuildConfiguration;
			buildSettings = {
				INFOPLIST_FILE = BrickbreakerUITests/Info.plist;
				LD_RUNPATH_SEARCH_PATHS = "$(inherited) @executable_path/Frameworks @loader_path/Frameworks";
				PRODUCT_BUNDLE_IDENTIFIER = "Wololo-Productions.BrickbreakerUITests";
				PRODUCT_NAME = "$(TARGET_NAME)";
				TEST_TARGET_NAME = Brickbreaker;
				USES_XCTRUNNER = YES;
			};
			name = Release;
		};
/* End XCBuildConfiguration section */

/* Begin XCConfigurationList section */
		4FB0D6971C80BC5D0013CC47 /* Build configuration list for PBXProject "Brickbreaker" */ = {
			isa = XCConfigurationList;
			buildConfigurations = (
				4FB0D6C21C80BC5D0013CC47 /* Debug */,
				4FB0D6C31C80BC5D0013CC47 /* Release */,
			);
			defaultConfigurationIsVisible = 0;
			defaultConfigurationName = Release;
		};
		4FB0D6C41C80BC5D0013CC47 /* Build configuration list for PBXNativeTarget "Brickbreaker" */ = {
			isa = XCConfigurationList;
			buildConfigurations = (
				4FB0D6C51C80BC5D0013CC47 /* Debug */,
				4FB0D6C61C80BC5D0013CC47 /* Release */,
			);
			defaultConfigurationIsVisible = 0;
		};
		4FB0D6C71C80BC5D0013CC47 /* Build configuration list for PBXNativeTarget "BrickbreakerTests" */ = {
			isa = XCConfigurationList;
			buildConfigurations = (
				4FB0D6C81C80BC5D0013CC47 /* Debug */,
				4FB0D6C91C80BC5D0013CC47 /* Release */,
			);
			defaultConfigurationIsVisible = 0;
		};
		4FB0D6CA1C80BC5D0013CC47 /* Build configuration list for PBXNativeTarget "BrickbreakerUITests" */ = {
			isa = XCConfigurationList;
			buildConfigurations = (
				4FB0D6CB1C80BC5D0013CC47 /* Debug */,
				4FB0D6CC1C80BC5D0013CC47 /* Release */,
			);
			defaultConfigurationIsVisible = 0;
		};
/* End XCConfigurationList section */
	};
	rootObject = 4FB0D6941C80BC5D0013CC47 /* Project object */;
}
